
Microsoft Visual Studio Solution File, Format Version 12.00
# Visual Studio Version 16
VisualStudioVersion = 16.0.29009.5
MinimumVisualStudioVersion = 10.0.40219.1
Project("{FAE04EC0-301F-11D3-BF4B-00C04F79EFBC}") = "autoFile", "autoFile.csproj", "{5D606DB0-40D8-4463-90FB-4C6B3689FC26}"
EndProject
Global
	GlobalSection(SolutionConfigurationPlatforms) = preSolution
		Debug|Any CPU = Debug|Any CPU
		Release|Any CPU = Release|Any CPU
	EndGlobalSection
	GlobalSection(ProjectConfigurationPlatforms) = postSolution
		{5D606DB0-40D8-4463-90FB-4C6B3689FC26}.Debug|Any CPU.ActiveCfg = Debug|Any CPU
		{5D606DB0-40D8-4463-90FB-4C6B3689FC26}.Debug|Any CPU.Build.0 = Debug|Any CPU
		{5D606DB0-40D8-4463-90FB-4C6B3689FC26}.Release|Any CPU.ActiveCfg = Release|Any CPU
		{5D606DB0-40D8-4463-90FB-4C6B3689FC26}.Release|Any CPU.Build.0 = Release|Any CPU
	EndGlobalSection
	GlobalSection(SolutionProperties) = preSolution
		HideSolutionNode = FALSE
	EndGlobalSection
	GlobalSection(ExtensibilityGlobals) = postSolution
		SolutionGuid = {A3F53549-137C-4646-A374-E639E8BB5791}
	EndGlobalSection
EndGlobal
